
Microsoft Visual Studio Solution File, Format Version 12.00
# Visual Studio Version 16
VisualStudioVersion = 16.0.30717.126
MinimumVisualStudioVersion = 10.0.40219.1
Project("{8BC9CEB8-8B4A-11D0-8D11-00A0C91BC942}") = "PGN_Chess_Binary", "PGN_Chess_Binary.vcxproj", "{98CFE178-6206-463C-B616-E7A1C04525DE}"
EndProject
Global
	GlobalSection(SolutionConfigurationPlatforms) = preSolution
		Debug|x64 = Debug|x64
		Debug|x86 = Debug|x86
		Release|x64 = Release|x64
		Release|x86 = Release|x86
	EndGlobalSection
	GlobalSection(ProjectConfigurationPlatforms) = postSolution
		{98CFE178-6206-463C-B616-E7A1C04525DE}.Debug|x64.ActiveCfg = Debug|x64
		{98CFE178-6206-463C-B616-E7A1C04525DE}.Debug|x64.Build.0 = Debug|x64
		{98CFE178-6206-463C-B616-E7A1C04525DE}.Debug|x86.ActiveCfg = Debug|Win32
		{98CFE178-6206-463C-B616-E7A1C04525DE}.Debug|x86.Build.0 = Debug|Win32
		{98CFE178-6206-463C-B616-E7A1C04525DE}.Release|x64.ActiveCfg = Release|x64
		{98CFE178-6206-463C-B616-E7A1C04525DE}.Release|x64.Build.0 = Release|x64
		{98CFE178-6206-463C-B616-E7A1C04525DE}.Release|x86.ActiveCfg = Release|Win32
		{98CFE178-6206-463C-B616-E7A1C04525DE}.Release|x86.Build.0 = Release|Win32
	EndGlobalSection
	GlobalSection(SolutionProperties) = preSolution
		HideSolutionNode = FALSE
	EndGlobalSection
	GlobalSection(ExtensibilityGlobals) = postSolution
		SolutionGuid = {2B68F3F5-C83D-4740-A6EC-CBA03DC0B2E7}
	EndGlobalSection
EndGlobal
